
Microsoft Visual Studio Solution File, Format Version 12.00
# Visual Studio 15
VisualStudioVersion = 15.0.27428.2037
MinimumVisualStudioVersion = 10.0.40219.1
Project("{FAE04EC0-301F-11D3-BF4B-00C04F79EFBC}") = "HWF", "HWF\HWF.csproj", "{BDB3CF81-3282-43FE-B967-F69C7D7C91B3}"
EndProject
Global
	GlobalSection(SolutionConfigurationPlatforms) = preSolution
		Debug|Any CPU = Debug|Any CPU
		Release|Any CPU = Release|Any CPU
	EndGlobalSection
	GlobalSection(ProjectConfigurationPlatforms) = postSolution
		{BDB3CF81-3282-43FE-B967-F69C7D7C91B3}.Debug|Any CPU.ActiveCfg = Debug|Any CPU
		{BDB3CF81-3282-43FE-B967-F69C7D7C91B3}.Debug|Any CPU.Build.0 = Debug|Any CPU
		{BDB3CF81-3282-43FE-B967-F69C7D7C91B3}.Release|Any CPU.ActiveCfg = Release|Any CPU
		{BDB3CF81-3282-43FE-B967-F69C7D7C91B3}.Release|Any CPU.Build.0 = Release|Any CPU
	EndGlobalSection
	GlobalSection(SolutionProperties) = preSolution
		HideSolutionNode = FALSE
	EndGlobalSection
	GlobalSection(ExtensibilityGlobals) = postSolution
		SolutionGuid = {9C426D0B-F42C-464F-91AD-11D4D516E450}
	EndGlobalSection
EndGlobal
